ojs_journal_block_index:
    path:     /{journalId}/block
    defaults: { _controller: "OjsJournalBundle:Block:index" }

ojs_journal_block_show:
    path:     /{journalId}/block/{id}/show
    defaults: { _controller: "OjsJournalBundle:Block:show" }

ojs_journal_block_new:
    path:     /{journalId}/block/new
    defaults: { _controller: "OjsJournalBundle:Block:new" }

ojs_journal_block_create:
    path:     /{journalId}/block/create
    defaults: { _controller: "OjsJournalBundle:Block:create" }
    methods:  POST

ojs_journal_block_edit:
    path:     /{journalId}/block/{id}/edit
    defaults: { _controller: "OjsJournalBundle:Block:edit" }

ojs_journal_block_update:
    path:     /{journalId}/block/{id}/update
    defaults: { _controller: "OjsJournalBundle:Block:update" }
    methods: [PUT]

ojs_journal_block_delete:
    path:     /{journalId}/block/{id}/delete
    defaults: { _controller: "OjsJournalBundle:Block:delete" }
    methods: [DELETE]
