ojs_block_new:
    pattern: /new/{object}/{type}/{id}
    defaults: { _controller: OjsSiteBundle:Block:create , id: 0}
ojs_block_delete:
    pattern: /delete/{object}/{type}/{block}
    defaults: { _controller: OjsSiteBundle:Block:delete }
ojs_block_order:
    pattern: /order/{block}/{order}
    defaults: { _controller: OjsSiteBundle:Block:order }
ojs_block_link_new:
    pattern: /link/new/{block}/{id}
    defaults: { _controller: OjsSiteBundle:Block:newLink, id: 0 }
ojs_block_link_order:
    pattern: /link/order/{block_link}/{order}
    defaults: { _controller: OjsSiteBundle:Block:orderLink }
ojs_block_link_delete:
    pattern: /link/delete/{object}/{type}/{block_link}
    defaults: { _controller: OjsSiteBundle:Block:deleteLink }
