ojs_block_new:
    path: /new/{object}/{type}/{id}
    defaults: { _controller: "OjsSiteBundle:Block:create" , id: 0}
ojs_block_delete:
    path: /delete/{object}/{type}/{block}
    defaults: { _controller: "OjsSiteBundle:Block:delete" }
ojs_block_order:
    path: /order/{block}/{order}
    defaults: { _controller: "OjsSiteBundle:Block:order" }
ojs_block_link_new:
    path: /link/new/{block}/{id}
    defaults: { _controller: "OjsSiteBundle:Block:newLink", id: 0 }
ojs_block_link_order:
    path: /link/order/{block_link}/{order}
    defaults: { _controller: "OjsSiteBundle:Block:orderLink" }
    options:
      expose: true
ojs_block_link_delete:
    path: /link/delete/{object}/{type}/{block_link}
    defaults: { _controller: "OjsSiteBundle:Block:deleteLink" }
